
Microsoft Visual Studio Solution File, Format Version 12.00
# Visual Studio Version 17
VisualStudioVersion = 17.9.34616.47
MinimumVisualStudioVersion = 10.0.40219.1
Project("{9A19103F-16F7-4668-BE54-9A1E7A4F7556}") = "Cadastro", "Cadastro.csproj", "{43856642-C340-4268-BB58-A51C57DA9059}"
EndProject
Global
	GlobalSection(SolutionConfigurationPlatforms) = preSolution
		Debug|Any CPU = Debug|Any CPU
		Release|Any CPU = Release|Any CPU
	EndGlobalSection
	GlobalSection(ProjectConfigurationPlatforms) = postSolution
		{43856642-C340-4268-BB58-A51C57DA9059}.Debug|Any CPU.ActiveCfg = Debug|Any CPU
		{43856642-C340-4268-BB58-A51C57DA9059}.Debug|Any CPU.Build.0 = Debug|Any CPU
		{43856642-C340-4268-BB58-A51C57DA9059}.Release|Any CPU.ActiveCfg = Release|Any CPU
		{43856642-C340-4268-BB58-A51C57DA9059}.Release|Any CPU.Build.0 = Release|Any CPU
	EndGlobalSection
	GlobalSection(SolutionProperties) = preSolution
		HideSolutionNode = FALSE
	EndGlobalSection
	GlobalSection(ExtensibilityGlobals) = postSolution
		SolutionGuid = {77596F7E-5B1C-42E5-825C-0B6AD962C213}
	EndGlobalSection
EndGlobal
